
Microsoft Visual Studio Solution File, Format Version 12.00
# Visual Studio Version 16
VisualStudioVersion = 16.0.30907.101
MinimumVisualStudioVersion = 10.0.40219.1
Project("{FAE04EC0-301F-11D3-BF4B-00C04F79EFBC}") = "FCamacho_Evopoint", "FCamacho_Evopoint.csproj", "{34037E81-3DB3-4B62-AFB3-7A551840C226}"
EndProject
Global
	GlobalSection(SolutionConfigurationPlatforms) = preSolution
		Debug|Any CPU = Debug|Any CPU
		Release|Any CPU = Release|Any CPU
	EndGlobalSection
	GlobalSection(ProjectConfigurationPlatforms) = postSolution
		{34037E81-3DB3-4B62-AFB3-7A551840C226}.Debug|Any CPU.ActiveCfg = Debug|Any CPU
		{34037E81-3DB3-4B62-AFB3-7A551840C226}.Debug|Any CPU.Build.0 = Debug|Any CPU
		{34037E81-3DB3-4B62-AFB3-7A551840C226}.Release|Any CPU.ActiveCfg = Release|Any CPU
		{34037E81-3DB3-4B62-AFB3-7A551840C226}.Release|Any CPU.Build.0 = Release|Any CPU
	EndGlobalSection
	GlobalSection(SolutionProperties) = preSolution
		HideSolutionNode = FALSE
	EndGlobalSection
	GlobalSection(ExtensibilityGlobals) = postSolution
		SolutionGuid = {00164FFC-9704-439E-9346-6B72716B0A3D}
	EndGlobalSection
EndGlobal
